{
  "name": "node-dtmf",
  "version": "1.0.0",
  "lockfileVersion": 1,
  "requires": true,
  "dependencies": {
    "audio-type": {
      "version": "1.0.2",
      "resolved": "https://registry.npmjs.org/audio-type/-/audio-type-1.0.2.tgz",
      "integrity": "sha1-n6tWsVc0o35Wwh72/624FhivD8A=",
      "requires": {
        "is-flac": "1.1.2",
        "is-m4a": "1.1.0",
        "is-mp3": "1.1.3",
        "is-ogg": "1.1.2",
        "is-wav": "1.1.2",
        "read-chunk": "2.1.0"
      }
    },
    "biquad-coeffs-webaudio": {
      "version": "1.2.0",
      "resolved": "https://registry.npmjs.org/biquad-coeffs-webaudio/-/biquad-coeffs-webaudio-1.2.0.tgz",
      "integrity": "sha1-AhyJDHLzuaBNGWdOg4AUTn/EHac=",
      "requires": {
        "biquad-coeffs-webaudio-v2": "1.2.0"
      }
    },
    "biquad-coeffs-webaudio-v1": {
      "version": "1.2.0",
      "resolved": "https://registry.npmjs.org/biquad-coeffs-webaudio-v1/-/biquad-coeffs-webaudio-v1-1.2.0.tgz",
      "integrity": "sha1-mBzTSv0ogwMSuwBRRlon4LRZ2X8="
    },
    "biquad-coeffs-webaudio-v2": {
      "version": "1.2.0",
      "resolved": "https://registry.npmjs.org/biquad-coeffs-webaudio-v2/-/biquad-coeffs-webaudio-v2-1.2.0.tgz",
      "integrity": "sha1-rvyr6/bVVBQnzbDYOMmX+STDzG0=",
      "requires": {
        "biquad-coeffs-webaudio-v1": "1.2.0"
      }
    },
    "fourier-transform": {
      "version": "1.1.2",
      "resolved": "https://registry.npmjs.org/fourier-transform/-/fourier-transform-1.1.2.tgz",
      "integrity": "sha1-U5J876hpWOsf0hSK9GxtP8Xnm2Q="
    },
    "is-flac": {
      "version": "1.1.2",
      "resolved": "https://registry.npmjs.org/is-flac/-/is-flac-1.1.2.tgz",
      "integrity": "sha1-xMWRj6IR5Rt6bpp8x1GAnq6MACw="
    },
    "is-m4a": {
      "version": "1.1.0",
      "resolved": "https://registry.npmjs.org/is-m4a/-/is-m4a-1.1.0.tgz",
      "integrity": "sha1-DxbISzufvx/fjDn4hGhGJk3b3Tw="
    },
    "is-mp3": {
      "version": "1.1.3",
      "resolved": "https://registry.npmjs.org/is-mp3/-/is-mp3-1.1.3.tgz",
      "integrity": "sha1-YqHnPCBgH0bLHxv1klBPk58L1Mg="
    },
    "is-ogg": {
      "version": "1.1.2",
      "resolved": "https://registry.npmjs.org/is-ogg/-/is-ogg-1.1.2.tgz",
      "integrity": "sha1-lWoOAjzntcSE+sDi/0J4NPanZJM="
    },
    "is-wav": {
      "version": "1.1.2",
      "resolved": "https://registry.npmjs.org/is-wav/-/is-wav-1.1.2.tgz",
      "integrity": "sha1-2crM81WoNNf1uCjwCYEdCX1UBQ4="
    },
    "nmap": {
      "version": "1.1.0",
      "resolved": "https://registry.npmjs.org/nmap/-/nmap-1.1.0.tgz",
      "integrity": "sha1-VEs8XEqyBU2PGDiJCOyu6Lk7ND0="
    },
    "pify": {
      "version": "3.0.0",
      "resolved": "https://registry.npmjs.org/pify/-/pify-3.0.0.tgz",
      "integrity": "sha1-5aSs0sEB/fPZpNB/DbxNtJ3SgXY="
    },
    "read-chunk": {
      "version": "2.1.0",
      "resolved": "https://registry.npmjs.org/read-chunk/-/read-chunk-2.1.0.tgz",
      "integrity": "sha1-agTAkoAF7Z1C4aasVgDhnLx/9lU=",
      "requires": {
        "pify": "3.0.0",
        "safe-buffer": "5.1.1"
      }
    },
    "safe-buffer": {
      "version": "5.1.1",
      "resolved": "https://registry.npmjs.org/safe-buffer/-/safe-buffer-5.1.1.tgz",
      "integrity": "sha512-kKvNJn6Mm93gAczWVJg7wH+wGYWNrDHdWvpUmHyEsgCtIwwo3bqPtV4tR5tuPaUhTOo/kvhVwd8XwwOllGYkbg=="
    },
    "scijs-window-functions": {
      "version": "2.0.2",
      "resolved": "https://registry.npmjs.org/scijs-window-functions/-/scijs-window-functions-2.0.2.tgz",
      "integrity": "sha1-WOXckLUq5ymlOjf6889tRPV3WUI="
    },
    "wav-decoder": {
      "version": "1.3.0",
      "resolved": "https://registry.npmjs.org/wav-decoder/-/wav-decoder-1.3.0.tgz",
      "integrity": "sha512-4U6O/JNb1dPO90CO2YMTQ5N2plJcntm39vNMvRq9VZ4Vy5FzS7Lnx95N2QcYUyKYcZfCbhI//W3dSHA8YnOQyQ=="
    },
    "wav-encoder": {
      "version": "1.3.0",
      "resolved": "https://registry.npmjs.org/wav-encoder/-/wav-encoder-1.3.0.tgz",
      "integrity": "sha512-FXJdEu2qDOI+wbVYZpu21CS1vPEg5NaxNskBr4SaULpOJMrLE6xkH8dECa7PiS+ZoeyvP7GllWUAxPN3AvFSEw=="
    },
    "web-audio-engine": {
      "version": "0.13.4",
      "resolved": "https://registry.npmjs.org/web-audio-engine/-/web-audio-engine-0.13.4.tgz",
      "integrity": "sha512-ZglW6UMlHXXzHhHiMjhr6qMT1Jwg9OydRo1lg6T864+SaoPUnJtvD6AW4uWa+Gl++Cw8CkpIk/5Arc5QiKugJA==",
      "requires": {
        "audio-type": "1.0.2",
        "biquad-coeffs-webaudio": "1.2.0",
        "fourier-transform": "1.1.2",
        "nmap": "1.1.0",
        "scijs-window-functions": "2.0.2",
        "wav-decoder": "1.3.0",
        "wav-encoder": "1.3.0"
      }
    }
  }
}
